// !$*UTF8*$!
{
	archiveVersion = 1;
	classes = {
	};
	objectVersion = 46;
	objects = {

/* Begin PBXBuildFile section */
		B90EB76C1B0E1A6D00F2CAFA /* main.m in Sources */ = {isa = PBXBuildFile; fileRef = B90EB76B1B0E1A6D00F2CAFA /* main.m */; };
		B90EB76F1B0E1A6D00F2CAFA /* AppDelegate.m in Sources */ = {isa = PBXBuildFile; fileRef = B90EB76E1B0E1A6D00F2CAFA /* AppDelegate.m */; };
		B90EB7721B0E1A6D00F2CAFA /* ViewController.m in Sources */ = {isa = PBXBuildFile; fileRef = B90EB7711B0E1A6D00F2CAFA /* ViewController.m */; };
		B90EB7751B0E1A6D00F2CAFA /* Main.storyboard in Resources */ = {isa = PBXBuildFile; fileRef = B90EB7731B0E1A6D00F2CAFA /* Main.storyboard */; };
		B90EB7771B0E1A6D00F2CAFA /* Images.xcassets in Resources */ = {isa = PBXBuildFile; fileRef = B90EB7761B0E1A6D00F2CAFA /* Images.xcassets */; };
		B90EB77A1B0E1A6D00F2CAFA /* LaunchScreen.xib in Resources */ = {isa = PBXBuildFile; fileRef = B90EB7781B0E1A6D00F2CAFA /* LaunchScreen.xib */; };
		B90EB7861B0E1A6E00F2CAFA /* timeOffsetTests.m in Sources */ = {isa = PBXBuildFile; fileRef = B90EB7851B0E1A6E00F2CAFA /* timeOffsetTests.m */; };
/* End PBXBuildFile section */

/* Begin PBXContainerItemProxy section */
		B90EB7801B0E1A6E00F2CAFA /* PBXContainerItemProxy */ = {
			isa = PBXContainerItemProxy;
			containerPortal = B90EB75E1B0E1A6D00F2CAFA /* Project object */;
			proxyType = 1;
			remoteGlobalIDString = B90EB7651B0E1A6D00F2CAFA;
			remoteInfo = timeOffset;
		};
/* End PBXContainerItemProxy section */

/* Begin PBXFileReference section */
		B90EB7661B0E1A6D00F2CAFA /* timeOffset.app */ = {isa = PBXFileReference; explicitFileType = wrapper.application; includeInIndex = 0; path = timeOffset.app; sourceTree = BUILT_PRODUCTS_DIR; };
		B90EB76A1B0E1A6D00F2CAFA /* Info.plist */ = {isa = PBXFileReference; lastKnownFileType = text.plist.xml; path = Info.plist; sourceTree = "<group>"; };
		B90EB76B1B0E1A6D00F2CAFA /* main.m */ = {isa = PBXFileReference; lastKnownFileType = sourcecode.c.objc; path = main.m; sourceTree = "<group>"; };
		B90EB76D1B0E1A6D00F2CAFA /* AppDelegate.h */ = {isa = PBXFileReference; lastKnownFileType = sourcecode.c.h; path = AppDelegate.h; sourceTree = "<group>"; };
		B90EB76E1B0E1A6D00F2CAFA /* AppDelegate.m */ = {isa = PBXFileReference; lastKnownFileType = sourcecode.c.objc; path = AppDelegate.m; sourceTree = "<group>"; };
		B90EB7701B0E1A6D00F2CAFA /* ViewController.h */ = {isa = PBXFileReference; lastKnownFileType = sourcecode.c.h; path = ViewController.h; sourceTree = "<group>"; };
		B90EB7711B0E1A6D00F2CAFA /* ViewController.m */ = {isa = PBXFileReference; lastKnownFileType = sourcecode.c.objc; path = ViewController.m; sourceTree = "<group>"; };
		B90EB7741B0E1A6D00F2CAFA /* Base */ = {isa = PBXFileReference; lastKnownFileType = file.storyboard; name = Base; path = Base.lproj/Main.storyboard; sourceTree = "<group>"; };
		B90EB7761B0E1A6D00F2CAFA /* Images.xcassets */ = {isa = PBXFileReference; lastKnownFileType = folder.assetcatalog; path = Images.xcassets; sourceTree = "<group>"; };
		B90EB7791B0E1A6D00F2CAFA /* Base */ = {isa = PBXFileReference; lastKnownFileType = file.xib; name = Base; path = Base.lproj/LaunchScreen.xib; sourceTree = "<group>"; };
		B90EB77F1B0E1A6E00F2CAFA /* timeOffsetTests.xctest */ = {isa = PBXFileReference; explicitFileType = wrapper.cfbundle; includeInIndex = 0; path = timeOffsetTests.xctest; sourceTree = BUILT_PRODUCTS_DIR; };
		B90EB7841B0E1A6E00F2CAFA /* Info.plist */ = {isa = PBXFileReference; lastKnownFileType = text.plist.xml; path = Info.plist; sourceTree = "<group>"; };
		B90EB7851B0E1A6E00F2CAFA /* timeOffsetTests.m */ = {isa = PBXFileReference; lastKnownFileType = sourcecode.c.objc; path = timeOffsetTests.m; sourceTree = "<group>"; };
/* End PBXFileReference section */

/* Begin PBXFrameworksBuildPhase section */
		B90EB7631B0E1A6D00F2CAFA /* Frameworks */ = {
			isa = PBXFrameworksBuildPhase;
			buildActionMask = 2147483647;
			files = (
			);
			runOnlyForDeploymentPostprocessing = 0;
		};
		B90EB77C1B0E1A6E00F2CAFA /* Frameworks */ = {
			isa = PBXFrameworksBuildPhase;
			buildActionMask = 2147483647;
			files = (
			);
			runOnlyForDeploymentPostprocessing = 0;
		};
/* End PBXFrameworksBuildPhase section */

/* Begin PBXGroup section */
		B90EB75D1B0E1A6D00F2CAFA = {
			isa = PBXGroup;
			children = (
				B90EB7681B0E1A6D00F2CAFA /* timeOffset */,
				B90EB7821B0E1A6E00F2CAFA /* timeOffsetTests */,
				B90EB7671B0E1A6D00F2CAFA /* Products */,
			);
			sourceTree = "<group>";
		};
		B90EB7671B0E1A6D00F2CAFA /* Products */ = {
			isa = PBXGroup;
			children = (
				B90EB7661B0E1A6D00F2CAFA /* timeOffset.app */,
				B90EB77F1B0E1A6E00F2CAFA /* timeOffsetTests.xctest */,
			);
			name = Products;
			sourceTree = "<group>";
		};
		B90EB7681B0E1A6D00F2CAFA /* timeOffset */ = {
			isa = PBXGroup;
			children = (
				B90EB76D1B0E1A6D00F2CAFA /* AppDelegate.h */,
				B90EB76E1B0E1A6D00F2CAFA /* AppDelegate.m */,
				B90EB7701B0E1A6D00F2CAFA /* ViewController.h */,
				B90EB7711B0E1A6D00F2CAFA /* ViewController.m */,
				B90EB7731B0E1A6D00F2CAFA /* Main.storyboard */,
				B90EB7761B0E1A6D00F2CAFA /* Images.xcassets */,
				B90EB7781B0E1A6D00F2CAFA /* LaunchScreen.xib */,
				B90EB7691B0E1A6D00F2CAFA /* Supporting Files */,
			);
			path = timeOffset;
			sourceTree = "<group>";
		};
		B90EB7691B0E1A6D00F2CAFA /* Supporting Files */ = {
			isa = PBXGroup;
			children = (
				B90EB76A1B0E1A6D00F2CAFA /* Info.plist */,
				B90EB76B1B0E1A6D00F2CAFA /* main.m */,
			);
			name = "Supporting Files";
			sourceTree = "<group>";
		};
		B90EB7821B0E1A6E00F2CAFA /* timeOffsetTests */ = {
			isa = PBXGroup;
			children = (
				B90EB7851B0E1A6E00F2CAFA /* timeOffsetTests.m */,
				B90EB7831B0E1A6E00F2CAFA /* Supporting Files */,
			);
			path = timeOffsetTests;
			sourceTree = "<group>";
		};
		B90EB7831B0E1A6E00F2CAFA /* Supporting Files */ = {
			isa = PBXGroup;
			children = (
				B90EB7841B0E1A6E00F2CAFA /* Info.plist */,
			);
			name = "Supporting Files";
			sourceTree = "<group>";
		};
/* End PBXGroup section */

/* Begin PBXNativeTarget section */
		B90EB7651B0E1A6D00F2CAFA /* timeOffset */ = {
			isa = PBXNativeTarget;
			buildConfigurationList = B90EB7891B0E1A6E00F2CAFA /* Build configuration list for PBXNativeTarget "timeOffset" */;
			buildPhases = (
				B90EB7621B0E1A6D00F2CAFA /* Sources */,
				B90EB7631B0E1A6D00F2CAFA /* Frameworks */,
				B90EB7641B0E1A6D00F2CAFA /* Resources */,
			);
			buildRules = (
			);
			dependencies = (
			);
			name = timeOffset;
			productName = timeOffset;
			productReference = B90EB7661B0E1A6D00F2CAFA /* timeOffset.app */;
			productType = "com.apple.product-type.application";
		};
		B90EB77E1B0E1A6E00F2CAFA /* timeOffsetTests */ = {
			isa = PBXNativeTarget;
			buildConfigurationList = B90EB78C1B0E1A6E00F2CAFA /* Build configuration list for PBXNativeTarget "timeOffsetTests" */;
			buildPhases = (
				B90EB77B1B0E1A6E00F2CAFA /* Sources */,
				B90EB77C1B0E1A6E00F2CAFA /* Frameworks */,
				B90EB77D1B0E1A6E00F2CAFA /* Resources */,
			);
			buildRules = (
			);
			dependencies = (
				B90EB7811B0E1A6E00F2CAFA /* PBXTargetDependency */,
			);
			name = timeOffsetTests;
			productName = timeOffsetTests;
			productReference = B90EB77F1B0E1A6E00F2CAFA /* timeOffsetTests.xctest */;
			productType = "com.apple.product-type.bundle.unit-test";
		};
/* End PBXNativeTarget section */

/* Begin PBXProject section */
		B90EB75E1B0E1A6D00F2CAFA /* Project object */ = {
			isa = PBXProject;
			attributes = {
				LastUpgradeCheck = 0630;
				ORGANIZATIONNAME = "李亮";
				TargetAttributes = {
					B90EB7651B0E1A6D00F2CAFA = {
						CreatedOnToolsVersion = 6.3.1;
					};
					B90EB77E1B0E1A6E00F2CAFA = {
						CreatedOnToolsVersion = 6.3.1;
						TestTargetID = B90EB7651B0E1A6D00F2CAFA;
					};
				};
			};
			buildConfigurationList = B90EB7611B0E1A6D00F2CAFA /* Build configuration list for PBXProject "timeOffset" */;
			compatibilityVersion = "Xcode 3.2";
			developmentRegion = English;
			hasScannedForEncodings = 0;
			knownRegions = (
				en,
				Base,
			);
			mainGroup = B90EB75D1B0E1A6D00F2CAFA;
			productRefGroup = B90EB7671B0E1A6D00F2CAFA /* Products */;
			projectDirPath = "";
			projectRoot = "";
			targets = (
				B90EB7651B0E1A6D00F2CAFA /* timeOffset */,
				B90EB77E1B0E1A6E00F2CAFA /* timeOffsetTests */,
			);
		};
/* End PBXProject section */

/* Begin PBXResourcesBuildPhase section */
		B90EB7641B0E1A6D00F2CAFA /* Resources */ = {
			isa = PBXResourcesBuildPhase;
			buildActionMask = 2147483647;
			files = (
				B90EB7751B0E1A6D00F2CAFA /* Main.storyboard in Resources */,
				B90EB77A1B0E1A6D00F2CAFA /* LaunchScreen.xib in Resources */,
				B90EB7771B0E1A6D00F2CAFA /* Images.xcassets in Resources */,
			);
			runOnlyForDeploymentPostprocessing = 0;
		};
		B90EB77D1B0E1A6E00F2CAFA /* Resources */ = {
			isa = PBXResourcesBuildPhase;
			buildActionMask = 2147483647;
			files = (
			);
			runOnlyForDeploymentPostprocessing = 0;
		};
/* End PBXResourcesBuildPhase section */

/* Begin PBXSourcesBuildPhase section */
		B90EB7621B0E1A6D00F2CAFA /* Sources */ = {
			isa = PBXSourcesBuildPhase;
			buildActionMask = 2147483647;
			files = (
				B90EB7721B0E1A6D00F2CAFA /* ViewController.m in Sources */,
				B90EB76F1B0E1A6D00F2CAFA /* AppDelegate.m in Sources */,
				B90EB76C1B0E1A6D00F2CAFA /* main.m in Sources */,
			);
			runOnlyForDeploymentPostprocessing = 0;
		};
		B90EB77B1B0E1A6E00F2CAFA /* Sources */ = {
			isa = PBXSourcesBuildPhase;
			buildActionMask = 2147483647;
			files = (
				B90EB7861B0E1A6E00F2CAFA /* timeOffsetTests.m in Sources */,
			);
			runOnlyForDeploymentPostprocessing = 0;
		};
/* End PBXSourcesBuildPhase section */

/* Begin PBXTargetDependency section */
		B90EB7811B0E1A6E00F2CAFA /* PBXTargetDependency */ = {
			isa = PBXTargetDependency;
			target = B90EB7651B0E1A6D00F2CAFA /* timeOffset */;
			targetProxy = B90EB7801B0E1A6E00F2CAFA /* PBXContainerItemProxy */;
		};
/* End PBXTargetDependency section */

/* Begin PBXVariantGroup section */
		B90EB7731B0E1A6D00F2CAFA /* Main.storyboard */ = {
			isa = PBXVariantGroup;
			children = (
				B90EB7741B0E1A6D00F2CAFA /* Base */,
			);
			name = Main.storyboard;
			sourceTree = "<group>";
		};
		B90EB7781B0E1A6D00F2CAFA /* LaunchScreen.xib */ = {
			isa = PBXVariantGroup;
			children = (
				B90EB7791B0E1A6D00F2CAFA /* Base */,
			);
			name = LaunchScreen.xib;
			sourceTree = "<group>";
		};
/* End PBXVariantGroup section */

/* Begin XCBuildConfiguration section */
		B90EB7871B0E1A6E00F2CAFA /* Debug */ = {
			isa = XCBuildConfiguration;
			buildSettings = {
				ALWAYS_SEARCH_USER_PATHS = NO;
				CLANG_CXX_LANGUAGE_STANDARD = "gnu++0x";
				CLANG_CXX_LIBRARY = "libc++";
				CLANG_ENABLE_MODULES = YES;
				CLANG_ENABLE_OBJC_ARC = YES;
				CLANG_WARN_BOOL_CONVERSION = YES;
				CLANG_WARN_CONSTANT_CONVERSION = YES;
				CLANG_WARN_DIRECT_OBJC_ISA_USAGE = YES_ERROR;
				CLANG_WARN_EMPTY_BODY = YES;
				CLANG_WARN_ENUM_CONVERSION = YES;
				CLANG_WARN_INT_CONVERSION = YES;
				CLANG_WARN_OBJC_ROOT_CLASS = YES_ERROR;
				CLANG_WARN_UNREACHABLE_CODE = YES;
				CLANG_WARN__DUPLICATE_METHOD_MATCH = YES;
				"CODE_SIGN_IDENTITY[sdk=iphoneos*]" = "iPhone Developer";
				COPY_PHASE_STRIP = NO;
				DEBUG_INFORMATION_FORMAT = "dwarf-with-dsym";
				ENABLE_STRICT_OBJC_MSGSEND = YES;
				GCC_C_LANGUAGE_STANDARD = gnu99;
				GCC_DYNAMIC_NO_PIC = NO;
				GCC_NO_COMMON_BLOCKS = YES;
				GCC_OPTIMIZATION_LEVEL = 0;
				GCC_PREPROCESSOR_DEFINITIONS = (
					"DEBUG=1",
					"$(inherited)",
				);
				GCC_SYMBOLS_PRIVATE_EXTERN = NO;
				GCC_WARN_64_TO_32_BIT_CONVERSION = YES;
				GCC_WARN_ABOUT_RETURN_TYPE = YES_ERROR;
				GCC_WARN_UNDECLARED_SELECTOR = YES;
				GCC_WARN_UNINITIALIZED_AUTOS = YES_AGGRESSIVE;
				GCC_WARN_UNUSED_FUNCTION = YES;
				GCC_WARN_UNUSED_VARIABLE = YES;
				IPHONEOS_DEPLOYMENT_TARGET = 8.3;
				MTL_ENABLE_DEBUG_INFO = YES;
				ONLY_ACTIVE_ARCH = YES;
				SDKROOT = iphoneos;
				TARGETED_DEVICE_FAMILY = "1,2";
			};
			name = Debug;
		};
		B90EB7881B0E1A6E00F2CAFA /* Release */ = {
			isa = XCBuildConfiguration;
			buildSettings = {
				ALWAYS_SEARCH_USER_PATHS = NO;
				CLANG_CXX_LANGUAGE_STANDARD = "gnu++0x";
				CLANG_CXX_LIBRARY = "libc++";
				CLANG_ENABLE_MODULES = YES;
				CLANG_ENABLE_OBJC_ARC = YES;
				CLANG_WARN_BOOL_CONVERSION = YES;
				CLANG_WARN_CONSTANT_CONVERSION = YES;
				CLANG_WARN_DIRECT_OBJC_ISA_USAGE = YES_ERROR;
				CLANG_WARN_EMPTY_BODY = YES;
				CLANG_WARN_ENUM_CONVERSION = YES;
				CLANG_WARN_INT_CONVERSION = YES;
				CLANG_WARN_OBJC_ROOT_CLASS = YES_ERROR;
				CLANG_WARN_UNREACHABLE_CODE = YES;
				CLANG_WARN__DUPLICATE_METHOD_MATCH = YES;
				"CODE_SIGN_IDENTITY[sdk=iphoneos*]" = "iPhone Developer";
				COPY_PHASE_STRIP = NO;
				DEBUG_INFORMATION_FORMAT = "dwarf-with-dsym";
				ENABLE_NS_ASSERTIONS = NO;
				ENABLE_STRICT_OBJC_MSGSEND = YES;
				GCC_C_LANGUAGE_STANDARD = gnu99;
				GCC_NO_COMMON_BLOCKS = YES;
				GCC_WARN_64_TO_32_BIT_CONVERSION = YES;
				GCC_WARN_ABOUT_RETURN_TYPE = YES_ERROR;
				GCC_WARN_UNDECLARED_SELECTOR = YES;
				GCC_WARN_UNINITIALIZED_AUTOS = YES_AGGRESSIVE;
				GCC_WARN_UNUSED_FUNCTION = YES;
				GCC_WARN_UNUSED_VARIABLE = YES;
				IPHONEOS_DEPLOYMENT_TARGET = 8.3;
				MTL_ENABLE_DEBUG_INFO = NO;
				SDKROOT = iphoneos;
				TARGETED_DEVICE_FAMILY = "1,2";
				VALIDATE_PRODUCT = YES;
			};
			name = Release;
		};
		B90EB78A1B0E1A6E00F2CAFA /* Debug */ = {
			isa = XCBuildConfiguration;
			buildSettings = {
				ASSETCATALOG_COMPILER_APPICON_NAME = AppIcon;
				INFOPLIST_FILE = timeOffset/Info.plist;
				LD_RUNPATH_SEARCH_PATHS = "$(inherited) @executable_path/Frameworks";
				PRODUCT_NAME = "$(TARGET_NAME)";
			};
			name = Debug;
		};
		B90EB78B1B0E1A6E00F2CAFA /* Release */ = {
			isa = XCBuildConfiguration;
			buildSettings = {
				ASSETCATALOG_COMPILER_APPICON_NAME = AppIcon;
				INFOPLIST_FILE = timeOffset/Info.plist;
				LD_RUNPATH_SEARCH_PATHS = "$(inherited) @executable_path/Frameworks";
				PRODUCT_NAME = "$(TARGET_NAME)";
			};
			name = Release;
		};
		B90EB78D1B0E1A6E00F2CAFA /* Debug */ = {
			isa = XCBuildConfiguration;
			buildSettings = {
				BUNDLE_LOADER = "$(TEST_HOST)";
				FRAMEWORK_SEARCH_PATHS = (
					"$(SDKROOT)/Developer/Library/Frameworks",
					"$(inherited)",
				);
				GCC_PREPROCESSOR_DEFINITIONS = (
					"DEBUG=1",
					"$(inherited)",
				);
				INFOPLIST_FILE = timeOffsetTests/Info.plist;
				LD_RUNPATH_SEARCH_PATHS = "$(inherited) @executable_path/Frameworks @loader_path/Frameworks";
				PRODUCT_NAME = "$(TARGET_NAME)";
				TEST_HOST = "$(BUILT_PRODUCTS_DIR)/timeOffset.app/timeOffset";
			};
			name = Debug;
		};
		B90EB78E1B0E1A6E00F2CAFA /* Release */ = {
			isa = XCBuildConfiguration;
			buildSettings = {
				BUNDLE_LOADER = "$(TEST_HOST)";
				FRAMEWORK_SEARCH_PATHS = (
					"$(SDKROOT)/Developer/Library/Frameworks",
					"$(inherited)",
				);
				INFOPLIST_FILE = timeOffsetTests/Info.plist;
				LD_RUNPATH_SEARCH_PATHS = "$(inherited) @executable_path/Frameworks @loader_path/Frameworks";
				PRODUCT_NAME = "$(TARGET_NAME)";
				TEST_HOST = "$(BUILT_PRODUCTS_DIR)/timeOffset.app/timeOffset";
			};
			name = Release;
		};
/* End XCBuildConfiguration section */

/* Begin XCConfigurationList section */
		B90EB7611B0E1A6D00F2CAFA /* Build configuration list for PBXProject "timeOffset" */ = {
			isa = XCConfigurationList;
			buildConfigurations = (
				B90EB7871B0E1A6E00F2CAFA /* Debug */,
				B90EB7881B0E1A6E00F2CAFA /* Release */,
			);
			defaultConfigurationIsVisible = 0;
			defaultConfigurationName = Release;
		};
		B90EB7891B0E1A6E00F2CAFA /* Build configuration list for PBXNativeTarget "timeOffset" */ = {
			isa = XCConfigurationList;
			buildConfigurations = (
				B90EB78A1B0E1A6E00F2CAFA /* Debug */,
				B90EB78B1B0E1A6E00F2CAFA /* Release */,
			);
			defaultConfigurationIsVisible = 0;
		};
		B90EB78C1B0E1A6E00F2CAFA /* Build configuration list for PBXNativeTarget "timeOffsetTests" */ = {
			isa = XCConfigurationList;
			buildConfigurations = (
				B90EB78D1B0E1A6E00F2CAFA /* Debug */,
				B90EB78E1B0E1A6E00F2CAFA /* Release */,
			);
			defaultConfigurationIsVisible = 0;
		};
/* End XCConfigurationList section */
	};
	rootObject = B90EB75E1B0E1A6D00F2CAFA /* Project object */;
}
